{"1.2.0",
[{<<"espace">>,{pkg,<<"espace">>,<<"0.6.0">>},0},
 {<<"etsmgr">>,{pkg,<<"etsmgr">>,<<"0.1.0">>},0}]}.
[
{pkg_hash,[
 {<<"espace">>, <<"489BE39B125029CCC4CAE14DB7F38A961497B45191D3774814B47CAB42E1F377">>},
 {<<"etsmgr">>, <<"16183699D0EB2CA3E320D899F236DC43C9807A792EBF611F9A21DFA958BE5C20">>}]},
{pkg_hash_ext,[
 {<<"espace">>, <<"6DAC7F5B2C5932A62BE1F8EC715CFD7C5D520E6867B6F51D8B1E0F9F00B5A27E">>},
 {<<"etsmgr">>, <<"A354F851DE67DC5DA48E30B1817D14FFB671DEBA21AEFB875E5D14A65CEAC8BB">>}]}
].
