{"1.2.0",
[{<<"espace">>,{pkg,<<"espace">>,<<"0.7.0">>},0},
 {<<"etsmgr">>,{pkg,<<"etsmgr">>,<<"0.2.0">>},1},
 {<<"getopt">>,{pkg,<<"getopt">>,<<"1.0.2">>},0},
 {<<"observer_cli">>,{pkg,<<"observer_cli">>,<<"1.6.2">>},1},
 {<<"recon">>,{pkg,<<"recon">>,<<"2.5.2">>},2}]}.
[
{pkg_hash,[
 {<<"espace">>, <<"C4A9FD2EB6D058EEC6C0F8317B95FADA84BAE3ED7973620793291D6BC11F2765">>},
 {<<"etsmgr">>, <<"A3E5070747DF6DA3F86A122282E220C6578F0DDDD805BF8314805666C0B8DD3B">>},
 {<<"getopt">>, <<"33D9B44289FE7AD08627DDFE1D798E30B2DA0033B51DA1B3A2D64E72CD581D02">>},
 {<<"observer_cli">>, <<"016588E9A966247401BCBF02976D468F1E6F06891DDE44F873C9259C6496CCA1">>},
 {<<"recon">>, <<"CBA53FA8DB83AD968C9A652E09C3ED7DDCC4DA434F27C3EAA9CA47FFB2B1FF03">>}]},
{pkg_hash_ext,[
 {<<"espace">>, <<"F3821CF846CD4132D8F17A8D01B6C6371C5F6A177094908B0646BC37116E0317">>},
 {<<"etsmgr">>, <<"8443843E97B9EEFCF9B6D34E6085BA3A32FF8C569C86BD78DC1090823F25FCC0">>},
 {<<"getopt">>, <<"A0029AEA4322FB82A61F6876A6D9C66DC9878B6CB61FAA13DF3187384FD4EA26">>},
 {<<"observer_cli">>, <<"C23DB9E4CCA0E849ADC42B0A099AFFB9E6267C5F23A871FC6F144348B249341F">>},
 {<<"recon">>, <<"2C7523C8DEE91DFF41F6B3D63CBA2BD49EB6D2FE5BF1EEC0DF7F87EB5E230E1C">>}]}
].
